
Microsoft Visual Studio Solution File, Format Version 12.00
# Visual Studio Version 18
VisualStudioVersion = 18.3.11520.95
MinimumVisualStudioVersion = 10.0.40219.1
Project("{FAE04EC0-301F-11D3-BF4B-00C04F79EFBC}") = "InvitationDepistageTests", "InvitationDepistageTests\InvitationDepistageTests.csproj", "{9A85B0BD-E697-4008-9F4F-C4C4FEB7C64F}"
EndProject
Project("{2150E333-8FDC-42A3-9474-1A3956D46DE8}") = "Solution Items", "Solution Items", "{6D5C6BEC-1BB0-47F3-AEAB-4E285D86797A}"
	ProjectSection(SolutionItems) = preProject
		Skills\Needs.md = Skills\Needs.md
		Skills\skills.md = Skills\skills.md
	EndProjectSection
EndProject
Project("{FAE04EC0-301F-11D3-BF4B-00C04F79EFBC}") = "InvitationDepistage", "InvitationDepistage\InvitationDepistage.csproj", "{DC340EF6-D2E0-4AF2-8432-A5D1E94D4E0D}"
EndProject
Global
	GlobalSection(SolutionConfigurationPlatforms) = preSolution
		Debug|Any CPU = Debug|Any CPU
		Release|Any CPU = Release|Any CPU
	EndGlobalSection
	GlobalSection(ProjectConfigurationPlatforms) = postSolution
		{9A85B0BD-E697-4008-9F4F-C4C4FEB7C64F}.Debug|Any CPU.ActiveCfg = Debug|Any CPU
		{9A85B0BD-E697-4008-9F4F-C4C4FEB7C64F}.Debug|Any CPU.Build.0 = Debug|Any CPU
		{9A85B0BD-E697-4008-9F4F-C4C4FEB7C64F}.Release|Any CPU.ActiveCfg = Release|Any CPU
		{9A85B0BD-E697-4008-9F4F-C4C4FEB7C64F}.Release|Any CPU.Build.0 = Release|Any CPU
		{DC340EF6-D2E0-4AF2-8432-A5D1E94D4E0D}.Debug|Any CPU.ActiveCfg = Debug|Any CPU
		{DC340EF6-D2E0-4AF2-8432-A5D1E94D4E0D}.Debug|Any CPU.Build.0 = Debug|Any CPU
		{DC340EF6-D2E0-4AF2-8432-A5D1E94D4E0D}.Release|Any CPU.ActiveCfg = Release|Any CPU
		{DC340EF6-D2E0-4AF2-8432-A5D1E94D4E0D}.Release|Any CPU.Build.0 = Release|Any CPU
	EndGlobalSection
	GlobalSection(SolutionProperties) = preSolution
		HideSolutionNode = FALSE
	EndGlobalSection
	GlobalSection(ExtensibilityGlobals) = postSolution
		SolutionGuid = {7E328E4A-A724-456C-8170-083D82B76F64}
	EndGlobalSection
EndGlobal
